github.com/gorilla/websocket v1.4.1 h1:q7AeDBpnBk8AogcD4DSag/Ukw/KV+YhzLj2bP5HvKCM=
github.com/gorilla/websocket v1.4.1/go.mod h1:YR8l580nyteQvAITg2hZ9XVh4b55+EU/adAjf1fMHhE=
github.com/radlinskii/dotenv v0.9.0 h1:90QjAR66nqBZBHMbdRM6YhcAmNg0bMTAWzDhwKjaqdo=
github.com/radlinskii/dotenv v0.9.0/go.mod h1:RhBlqnbOavwlo7RdBZnvw8Ana8HKGSLn7yM4nmr2dE4=
